
Microsoft Visual Studio Solution File, Format Version 12.00
# Visual Studio 2012
Project("{2150E333-8FDC-42A3-9474-1A3956D46DE8}") = ".nuget", ".nuget", "{CEE864A7-7830-409D-AED0-403CAB20E5A7}"
	ProjectSection(SolutionItems) = preProject
		.nuget\NuGet.Config = .nuget\NuGet.Config
		.nuget\NuGet.exe = .nuget\NuGet.exe
		.nuget\NuGet.targets = .nuget\NuGet.targets
	EndProjectSection
EndProject
Project("{FAE04EC0-301F-11D3-BF4B-00C04F79EFBC}") = "MonadicEvaluatorApp", "MonadicEvaluatorApp\MonadicEvaluatorApp.csproj", "{8FB340E7-3756-4931-8318-21585542F75B}"
EndProject
Project("{FAE04EC0-301F-11D3-BF4B-00C04F79EFBC}") = "MonadicEvaluatorLib", "MonadicEvaluatorLib\MonadicEvaluatorLib.csproj", "{D33DC6AB-2437-4940-9EA6-DB9A7523ECA7}"
EndProject
Project("{FAE04EC0-301F-11D3-BF4B-00C04F79EFBC}") = "BasicEvaluatorLib", "BasicEvaluatorLib\BasicEvaluatorLib.csproj", "{CD153003-7156-4A55-9A1B-1EFD2CB6080A}"
EndProject
Project("{FAE04EC0-301F-11D3-BF4B-00C04F79EFBC}") = "BasicEvaluatorApp", "BasicEvaluatorApp\BasicEvaluatorApp.csproj", "{5232C792-A289-4EDC-ABA7-3731D34537A9}"
EndProject
Global
	GlobalSection(SolutionConfigurationPlatforms) = preSolution
		Debug|Any CPU = Debug|Any CPU
		Release|Any CPU = Release|Any CPU
	EndGlobalSection
	GlobalSection(ProjectConfigurationPlatforms) = postSolution
		{8FB340E7-3756-4931-8318-21585542F75B}.Debug|Any CPU.ActiveCfg = Debug|Any CPU
		{8FB340E7-3756-4931-8318-21585542F75B}.Debug|Any CPU.Build.0 = Debug|Any CPU
		{8FB340E7-3756-4931-8318-21585542F75B}.Release|Any CPU.ActiveCfg = Release|Any CPU
		{8FB340E7-3756-4931-8318-21585542F75B}.Release|Any CPU.Build.0 = Release|Any CPU
		{D33DC6AB-2437-4940-9EA6-DB9A7523ECA7}.Debug|Any CPU.ActiveCfg = Debug|Any CPU
		{D33DC6AB-2437-4940-9EA6-DB9A7523ECA7}.Debug|Any CPU.Build.0 = Debug|Any CPU
		{D33DC6AB-2437-4940-9EA6-DB9A7523ECA7}.Release|Any CPU.ActiveCfg = Release|Any CPU
		{D33DC6AB-2437-4940-9EA6-DB9A7523ECA7}.Release|Any CPU.Build.0 = Release|Any CPU
		{CD153003-7156-4A55-9A1B-1EFD2CB6080A}.Debug|Any CPU.ActiveCfg = Debug|Any CPU
		{CD153003-7156-4A55-9A1B-1EFD2CB6080A}.Debug|Any CPU.Build.0 = Debug|Any CPU
		{CD153003-7156-4A55-9A1B-1EFD2CB6080A}.Release|Any CPU.ActiveCfg = Release|Any CPU
		{CD153003-7156-4A55-9A1B-1EFD2CB6080A}.Release|Any CPU.Build.0 = Release|Any CPU
		{5232C792-A289-4EDC-ABA7-3731D34537A9}.Debug|Any CPU.ActiveCfg = Debug|Any CPU
		{5232C792-A289-4EDC-ABA7-3731D34537A9}.Debug|Any CPU.Build.0 = Debug|Any CPU
		{5232C792-A289-4EDC-ABA7-3731D34537A9}.Release|Any CPU.ActiveCfg = Release|Any CPU
		{5232C792-A289-4EDC-ABA7-3731D34537A9}.Release|Any CPU.Build.0 = Release|Any CPU
	EndGlobalSection
	GlobalSection(SolutionProperties) = preSolution
		HideSolutionNode = FALSE
	EndGlobalSection
EndGlobal
