
Microsoft Visual Studio Solution File, Format Version 12.00
# Visual Studio 2012
Project("{2150E333-8FDC-42A3-9474-1A3956D46DE8}") = ".nuget", ".nuget", "{CEE864A7-7830-409D-AED0-403CAB20E5A7}"
	ProjectSection(SolutionItems) = preProject
		.nuget\NuGet.Config = .nuget\NuGet.Config
		.nuget\NuGet.exe = .nuget\NuGet.exe
		.nuget\NuGet.targets = .nuget\NuGet.targets
	EndProjectSection
EndProject
Project("{FAE04EC0-301F-11D3-BF4B-00C04F79EFBC}") = "WadlerEvaluatorLib", "WadlerEvaluatorLib\WadlerEvaluatorLib.csproj", "{CA13F8AD-1B1E-49B7-8E17-D11183B22EC7}"
EndProject
Project("{FAE04EC0-301F-11D3-BF4B-00C04F79EFBC}") = "WadlerEvaluatorApp", "WadlerEvaluatorApp\WadlerEvaluatorApp.csproj", "{6A2D0427-AD7B-4BB4-9229-477AB92058C6}"
EndProject
Global
	GlobalSection(SolutionConfigurationPlatforms) = preSolution
		Debug|Any CPU = Debug|Any CPU
		Release|Any CPU = Release|Any CPU
	EndGlobalSection
	GlobalSection(ProjectConfigurationPlatforms) = postSolution
		{CA13F8AD-1B1E-49B7-8E17-D11183B22EC7}.Debug|Any CPU.ActiveCfg = Debug|Any CPU
		{CA13F8AD-1B1E-49B7-8E17-D11183B22EC7}.Debug|Any CPU.Build.0 = Debug|Any CPU
		{CA13F8AD-1B1E-49B7-8E17-D11183B22EC7}.Release|Any CPU.ActiveCfg = Release|Any CPU
		{CA13F8AD-1B1E-49B7-8E17-D11183B22EC7}.Release|Any CPU.Build.0 = Release|Any CPU
		{6A2D0427-AD7B-4BB4-9229-477AB92058C6}.Debug|Any CPU.ActiveCfg = Debug|Any CPU
		{6A2D0427-AD7B-4BB4-9229-477AB92058C6}.Debug|Any CPU.Build.0 = Debug|Any CPU
		{6A2D0427-AD7B-4BB4-9229-477AB92058C6}.Release|Any CPU.ActiveCfg = Release|Any CPU
		{6A2D0427-AD7B-4BB4-9229-477AB92058C6}.Release|Any CPU.Build.0 = Release|Any CPU
	EndGlobalSection
	GlobalSection(SolutionProperties) = preSolution
		HideSolutionNode = FALSE
	EndGlobalSection
EndGlobal
